
Microsoft Visual Studio Solution File, Format Version 12.00
# Visual Studio 15
VisualStudioVersion = 15.0.28307.539
MinimumVisualStudioVersion = 10.0.40219.1
Project("{9A19103F-16F7-4668-BE54-9A1E7A4F7556}") = "BankApplicationClientModule.Model", "BankApplicationClientModule.Model\BankApplicationClientModule.Model.csproj", "{139C1421-DA72-4AC4-B2BE-23F26C90AC96}"
EndProject
Project("{9A19103F-16F7-4668-BE54-9A1E7A4F7556}") = "BankApplicationClientModule", "BankApplicationClientModule\BankApplicationClientModule.csproj", "{B9938F20-6169-4F64-A8D3-D032AB113D7D}"
EndProject
Project("{9A19103F-16F7-4668-BE54-9A1E7A4F7556}") = "BankApplicationClientModule.Tests", "BankApplicationClientModule.Tests\BankApplicationClientModule.Tests.csproj", "{2D95821C-61FA-4430-81A0-B39C9C61A920}"
EndProject
Global
	GlobalSection(SolutionConfigurationPlatforms) = preSolution
		Debug|Any CPU = Debug|Any CPU
		Release|Any CPU = Release|Any CPU
	EndGlobalSection
	GlobalSection(ProjectConfigurationPlatforms) = postSolution
		{139C1421-DA72-4AC4-B2BE-23F26C90AC96}.Debug|Any CPU.ActiveCfg = Debug|Any CPU
		{139C1421-DA72-4AC4-B2BE-23F26C90AC96}.Debug|Any CPU.Build.0 = Debug|Any CPU
		{139C1421-DA72-4AC4-B2BE-23F26C90AC96}.Release|Any CPU.ActiveCfg = Release|Any CPU
		{139C1421-DA72-4AC4-B2BE-23F26C90AC96}.Release|Any CPU.Build.0 = Release|Any CPU
		{B9938F20-6169-4F64-A8D3-D032AB113D7D}.Debug|Any CPU.ActiveCfg = Debug|Any CPU
		{B9938F20-6169-4F64-A8D3-D032AB113D7D}.Debug|Any CPU.Build.0 = Debug|Any CPU
		{B9938F20-6169-4F64-A8D3-D032AB113D7D}.Release|Any CPU.ActiveCfg = Release|Any CPU
		{B9938F20-6169-4F64-A8D3-D032AB113D7D}.Release|Any CPU.Build.0 = Release|Any CPU
		{2D95821C-61FA-4430-81A0-B39C9C61A920}.Debug|Any CPU.ActiveCfg = Debug|Any CPU
		{2D95821C-61FA-4430-81A0-B39C9C61A920}.Debug|Any CPU.Build.0 = Debug|Any CPU
		{2D95821C-61FA-4430-81A0-B39C9C61A920}.Release|Any CPU.ActiveCfg = Release|Any CPU
		{2D95821C-61FA-4430-81A0-B39C9C61A920}.Release|Any CPU.Build.0 = Release|Any CPU
	EndGlobalSection
	GlobalSection(SolutionProperties) = preSolution
		HideSolutionNode = FALSE
	EndGlobalSection
	GlobalSection(ExtensibilityGlobals) = postSolution
		SolutionGuid = {4589384D-E7CC-43E7-B67A-FF99F04D0E18}
	EndGlobalSection
EndGlobal
